
Microsoft Visual Studio Solution File, Format Version 12.00
# Visual Studio 15
VisualStudioVersion = 15.0.28307.421
MinimumVisualStudioVersion = 10.0.40219.1
Project("{8BC9CEB8-8B4A-11D0-8D11-00A0C91BC942}") = "MusicVisualizer", "MusicVisualizer.vcxproj", "{DAFAA642-5339-4259-8BE2-17E728090C6D}"
EndProject
Global
	GlobalSection(SolutionConfigurationPlatforms) = preSolution
		Debug|x64 = Debug|x64
		Debug|x86 = Debug|x86
		Release|x64 = Release|x64
		Release|x86 = Release|x86
	EndGlobalSection
	GlobalSection(ProjectConfigurationPlatforms) = postSolution
		{DAFAA642-5339-4259-8BE2-17E728090C6D}.Debug|x64.ActiveCfg = Debug|x64
		{DAFAA642-5339-4259-8BE2-17E728090C6D}.Debug|x64.Build.0 = Debug|x64
		{DAFAA642-5339-4259-8BE2-17E728090C6D}.Debug|x86.ActiveCfg = Debug|Win32
		{DAFAA642-5339-4259-8BE2-17E728090C6D}.Debug|x86.Build.0 = Debug|Win32
		{DAFAA642-5339-4259-8BE2-17E728090C6D}.Release|x64.ActiveCfg = Release|x64
		{DAFAA642-5339-4259-8BE2-17E728090C6D}.Release|x64.Build.0 = Release|x64
		{DAFAA642-5339-4259-8BE2-17E728090C6D}.Release|x86.ActiveCfg = Release|Win32
		{DAFAA642-5339-4259-8BE2-17E728090C6D}.Release|x86.Build.0 = Release|Win32
	EndGlobalSection
	GlobalSection(SolutionProperties) = preSolution
		HideSolutionNode = FALSE
	EndGlobalSection
	GlobalSection(ExtensibilityGlobals) = postSolution
		SolutionGuid = {8D9F0CF3-45E1-4B29-945C-8EAE78156980}
	EndGlobalSection
EndGlobal
